
Microsoft Visual Studio Solution File, Format Version 12.00
# Visual Studio 15
VisualStudioVersion = 15.0.26730.10
MinimumVisualStudioVersion = 10.0.40219.1
Project("{FAE04EC0-301F-11D3-BF4B-00C04F79EFBC}") = "OdeToFood", "OdeToFood\OdeToFood.csproj", "{04135CE2-A503-4270-952C-166721A0EF76}"
EndProject
Global
	GlobalSection(SolutionConfigurationPlatforms) = preSolution
		Debug|Any CPU = Debug|Any CPU
		Release|Any CPU = Release|Any CPU
	EndGlobalSection
	GlobalSection(ProjectConfigurationPlatforms) = postSolution
		{04135CE2-A503-4270-952C-166721A0EF76}.Debug|Any CPU.ActiveCfg = Debug|Any CPU
		{04135CE2-A503-4270-952C-166721A0EF76}.Debug|Any CPU.Build.0 = Debug|Any CPU
		{04135CE2-A503-4270-952C-166721A0EF76}.Release|Any CPU.ActiveCfg = Release|Any CPU
		{04135CE2-A503-4270-952C-166721A0EF76}.Release|Any CPU.Build.0 = Release|Any CPU
	EndGlobalSection
	GlobalSection(SolutionProperties) = preSolution
		HideSolutionNode = FALSE
	EndGlobalSection
	GlobalSection(ExtensibilityGlobals) = postSolution
		SolutionGuid = {EBF65561-DAC4-420F-B070-C2AF5F3EE094}
	EndGlobalSection
EndGlobal
